
Microsoft Visual Studio Solution File, Format Version 12.00
# Visual Studio Version 16
VisualStudioVersion = 16.0.29001.49
MinimumVisualStudioVersion = 10.0.40219.1
Project("{FAE04EC0-301F-11D3-BF4B-00C04F79EFBC}") = "TcpClient", "TcpClient.csproj", "{A6B1AA7A-B8C8-49BF-839F-E946BB62D30B}"
EndProject
Project("{FAE04EC0-301F-11D3-BF4B-00C04F79EFBC}") = "TcpServer", "..\TcpServer\TcpServer.csproj", "{BAD0A233-CF52-477B-B765-0866ACA2E2C9}"
EndProject
Project("{FAE04EC0-301F-11D3-BF4B-00C04F79EFBC}") = "Common", "..\Common\Common.csproj", "{33D8824C-F0A4-43AB-A5F2-4B4076F4DBB3}"
EndProject
Project("{FAE04EC0-301F-11D3-BF4B-00C04F79EFBC}") = "MySqlConnect", "..\MySqlConnect\MySqlConnect.csproj", "{9C831E32-FEDA-4A21-A51E-CB5A50912349}"
EndProject
Project("{FAE04EC0-301F-11D3-BF4B-00C04F79EFBC}") = "GameServer", "..\GameServer\GameServer.csproj", "{63D6C0B8-A7D4-4D77-A622-BB40FFC9B265}"
EndProject
Global
	GlobalSection(SolutionConfigurationPlatforms) = preSolution
		Debug|Any CPU = Debug|Any CPU
		Release|Any CPU = Release|Any CPU
	EndGlobalSection
	GlobalSection(ProjectConfigurationPlatforms) = postSolution
		{A6B1AA7A-B8C8-49BF-839F-E946BB62D30B}.Debug|Any CPU.ActiveCfg = Debug|Any CPU
		{A6B1AA7A-B8C8-49BF-839F-E946BB62D30B}.Debug|Any CPU.Build.0 = Debug|Any CPU
		{A6B1AA7A-B8C8-49BF-839F-E946BB62D30B}.Release|Any CPU.ActiveCfg = Release|Any CPU
		{A6B1AA7A-B8C8-49BF-839F-E946BB62D30B}.Release|Any CPU.Build.0 = Release|Any CPU
		{BAD0A233-CF52-477B-B765-0866ACA2E2C9}.Debug|Any CPU.ActiveCfg = Debug|Any CPU
		{BAD0A233-CF52-477B-B765-0866ACA2E2C9}.Debug|Any CPU.Build.0 = Debug|Any CPU
		{BAD0A233-CF52-477B-B765-0866ACA2E2C9}.Release|Any CPU.ActiveCfg = Release|Any CPU
		{BAD0A233-CF52-477B-B765-0866ACA2E2C9}.Release|Any CPU.Build.0 = Release|Any CPU
		{33D8824C-F0A4-43AB-A5F2-4B4076F4DBB3}.Debug|Any CPU.ActiveCfg = Debug|Any CPU
		{33D8824C-F0A4-43AB-A5F2-4B4076F4DBB3}.Debug|Any CPU.Build.0 = Debug|Any CPU
		{33D8824C-F0A4-43AB-A5F2-4B4076F4DBB3}.Release|Any CPU.ActiveCfg = Release|Any CPU
		{33D8824C-F0A4-43AB-A5F2-4B4076F4DBB3}.Release|Any CPU.Build.0 = Release|Any CPU
		{9C831E32-FEDA-4A21-A51E-CB5A50912349}.Debug|Any CPU.ActiveCfg = Debug|Any CPU
		{9C831E32-FEDA-4A21-A51E-CB5A50912349}.Debug|Any CPU.Build.0 = Debug|Any CPU
		{9C831E32-FEDA-4A21-A51E-CB5A50912349}.Release|Any CPU.ActiveCfg = Release|Any CPU
		{9C831E32-FEDA-4A21-A51E-CB5A50912349}.Release|Any CPU.Build.0 = Release|Any CPU
		{63D6C0B8-A7D4-4D77-A622-BB40FFC9B265}.Debug|Any CPU.ActiveCfg = Debug|Any CPU
		{63D6C0B8-A7D4-4D77-A622-BB40FFC9B265}.Debug|Any CPU.Build.0 = Debug|Any CPU
		{63D6C0B8-A7D4-4D77-A622-BB40FFC9B265}.Release|Any CPU.ActiveCfg = Release|Any CPU
		{63D6C0B8-A7D4-4D77-A622-BB40FFC9B265}.Release|Any CPU.Build.0 = Release|Any CPU
	EndGlobalSection
	GlobalSection(SolutionProperties) = preSolution
		HideSolutionNode = FALSE
	EndGlobalSection
	GlobalSection(ExtensibilityGlobals) = postSolution
		SolutionGuid = {6AAF0CA7-14DC-4222-AC83-8D44592E56E6}
	EndGlobalSection
EndGlobal
